{
  "pins" : [
    {
      "identity" : "iqkeyboardmanager",
      "kind" : "remoteSourceControl",
      "location" : "https://github.com/hackiftekhar/IQKeyboardManager",
      "state" : {
        "branch" : "master",
        "revision" : "abdf4e49e2178f6fb46fd71f8d87866140feda7c"
      }
    }
  ],
  "version" : 2
}
